
Microsoft Visual Studio Solution File, Format Version 12.00
# Visual Studio Version 17
VisualStudioVersion = 17.4.33205.214
MinimumVisualStudioVersion = 10.0.40219.1
Project("{FAE04EC0-301F-11D3-BF4B-00C04F79EFBC}") = "OptimalBatch", "OptimalBatch.csproj", "{87666DD0-0297-410D-8BE3-8FB06190AB9C}"
EndProject
Project("{FAE04EC0-301F-11D3-BF4B-00C04F79EFBC}") = "OptimalBatchTest", "..\OptimalBatchTest\OptimalBatchTest.csproj", "{C3D599FF-4780-4058-9C3B-B73B77DE4B0F}"
EndProject
Global
	GlobalSection(SolutionConfigurationPlatforms) = preSolution
		Debug|Any CPU = Debug|Any CPU
		Release|Any CPU = Release|Any CPU
	EndGlobalSection
	GlobalSection(ProjectConfigurationPlatforms) = postSolution
		{87666DD0-0297-410D-8BE3-8FB06190AB9C}.Debug|Any CPU.ActiveCfg = Debug|Any CPU
		{87666DD0-0297-410D-8BE3-8FB06190AB9C}.Debug|Any CPU.Build.0 = Debug|Any CPU
		{87666DD0-0297-410D-8BE3-8FB06190AB9C}.Release|Any CPU.ActiveCfg = Release|Any CPU
		{87666DD0-0297-410D-8BE3-8FB06190AB9C}.Release|Any CPU.Build.0 = Release|Any CPU
		{C3D599FF-4780-4058-9C3B-B73B77DE4B0F}.Debug|Any CPU.ActiveCfg = Debug|Any CPU
		{C3D599FF-4780-4058-9C3B-B73B77DE4B0F}.Debug|Any CPU.Build.0 = Debug|Any CPU
		{C3D599FF-4780-4058-9C3B-B73B77DE4B0F}.Release|Any CPU.ActiveCfg = Release|Any CPU
		{C3D599FF-4780-4058-9C3B-B73B77DE4B0F}.Release|Any CPU.Build.0 = Release|Any CPU
	EndGlobalSection
	GlobalSection(SolutionProperties) = preSolution
		HideSolutionNode = FALSE
	EndGlobalSection
	GlobalSection(ExtensibilityGlobals) = postSolution
		SolutionGuid = {0E116750-439F-4831-A46C-C9D3D83ABA82}
	EndGlobalSection
EndGlobal
